
Microsoft Visual Studio Solution File, Format Version 12.00
# Visual Studio 15
VisualStudioVersion = 15.0.28010.2019
MinimumVisualStudioVersion = 10.0.40219.1
Project("{8BC9CEB8-8B4A-11D0-8D11-00A0C91BC942}") = "MiniMaxExample1", "MiniMaxExample1\MiniMaxExample1.vcxproj", "{C327FD97-5C2B-442D-BD8C-AABAB9C6AFD6}"
EndProject
Global
	GlobalSection(SolutionConfigurationPlatforms) = preSolution
		Debug|x64 = Debug|x64
		Debug|x86 = Debug|x86
		Release|x64 = Release|x64
		Release|x86 = Release|x86
	EndGlobalSection
	GlobalSection(ProjectConfigurationPlatforms) = postSolution
		{C327FD97-5C2B-442D-BD8C-AABAB9C6AFD6}.Debug|x64.ActiveCfg = Debug|x64
		{C327FD97-5C2B-442D-BD8C-AABAB9C6AFD6}.Debug|x64.Build.0 = Debug|x64
		{C327FD97-5C2B-442D-BD8C-AABAB9C6AFD6}.Debug|x86.ActiveCfg = Debug|Win32
		{C327FD97-5C2B-442D-BD8C-AABAB9C6AFD6}.Debug|x86.Build.0 = Debug|Win32
		{C327FD97-5C2B-442D-BD8C-AABAB9C6AFD6}.Release|x64.ActiveCfg = Release|x64
		{C327FD97-5C2B-442D-BD8C-AABAB9C6AFD6}.Release|x64.Build.0 = Release|x64
		{C327FD97-5C2B-442D-BD8C-AABAB9C6AFD6}.Release|x86.ActiveCfg = Release|Win32
		{C327FD97-5C2B-442D-BD8C-AABAB9C6AFD6}.Release|x86.Build.0 = Release|Win32
	EndGlobalSection
	GlobalSection(SolutionProperties) = preSolution
		HideSolutionNode = FALSE
	EndGlobalSection
	GlobalSection(ExtensibilityGlobals) = postSolution
		SolutionGuid = {D6180D72-94D4-41F4-8C51-92A63F5626AB}
	EndGlobalSection
EndGlobal
